{
  "name": "@event-driven-io/emmett-opossum",
  "version": "0.43.0-beta.12",
  "lockfileVersion": 3,
  "requires": true,
  "packages": {
    "": {
      "name": "@event-driven-io/emmett-opossum",
      "version": "0.43.0-beta.12",
      "peerDependencies": {
        "@event-driven-io/emmett": "0.43.0-beta.12",
        "opossum-js": "^0.1.0"
      }
    },
    "node_modules/@event-driven-io/emmett": {
      "version": "0.43.0-beta.12",
      "resolved": "https://registry.npmjs.org/@event-driven-io/emmett/-/emmett-0.43.0-beta.12.tgz",
      "integrity": "sha512-c/ISk0ryqcQmXPD1WiH9QUMCHTBszcsAG4juRCXPsKvRBnS7bC1+8UX4w8hes9Ewt7OsoydgXwtZsVZsAm5c9A==",
      "peer": true,
      "bin": {
        "emmett": "dist/cli.js"
      },
      "peerDependencies": {
        "@types/async-retry": "^1.4.9",
        "async-retry": "^1.3.3",
        "commander": "^14.0.2",
        "uuid": "^13.0.0"
      }
    },
    "node_modules/@types/async-retry": {
      "version": "1.4.9",
      "resolved": "https://registry.npmjs.org/@types/async-retry/-/async-retry-1.4.9.tgz",
      "integrity": "sha512-s1ciZQJzRh3708X/m3vPExr5KJlzlZJvXsKpbtE2luqNcbROr64qU+3KpJsYHqWMeaxI839OvXf9PrUSw1Xtyg==",
      "license": "MIT",
      "peer": true,
      "dependencies": {
        "@types/retry": "*"
      }
    },
    "node_modules/@types/retry": {
      "version": "0.12.5",
      "resolved": "https://registry.npmjs.org/@types/retry/-/retry-0.12.5.tgz",
      "integrity": "sha512-3xSjTp3v03X/lSQLkczaN9UIEwJMoMCA1+Nb5HfbJEQWogdeQIyVtTvxPXDQjZ5zws8rFQfVfRdz03ARihPJgw==",
      "license": "MIT",
      "peer": true
    },
    "node_modules/async-retry": {
      "version": "1.3.3",
      "resolved": "https://registry.npmjs.org/async-retry/-/async-retry-1.3.3.tgz",
      "integrity": "sha512-wfr/jstw9xNi/0teMHrRW7dsz3Lt5ARhYNZ2ewpadnhaIp5mbALhOAP+EAdsC7t4Z6wqsDVv9+W6gm1Dk9mEyw==",
      "license": "MIT",
      "peer": true,
      "dependencies": {
        "retry": "0.13.1"
      }
    },
    "node_modules/commander": {
      "version": "14.0.3",
      "resolved": "https://registry.npmjs.org/commander/-/commander-14.0.3.tgz",
      "integrity": "sha512-H+y0Jo/T1RZ9qPP4Eh1pkcQcLRglraJaSLoyOtHxu6AapkjWVCy2Sit1QQ4x3Dng8qDlSsZEet7g5Pq06MvTgw==",
      "license": "MIT",
      "peer": true,
      "engines": {
        "node": ">=20"
      }
    },
    "node_modules/opossum-js": {
      "version": "0.1.0",
      "resolved": "https://registry.npmjs.org/opossum-js/-/opossum-js-0.1.0.tgz",
      "integrity": "sha512-GeAeqsvKSW5QfjF+wl293+pDpogKNzAKIjXN49cBVUMJ75lqkj39YZLpPHl5A7vBPX+zkmEiqLkYcxiXQdFnFA==",
      "license": "MIT",
      "peer": true,
      "engines": {
        "bun": ">=1.0.0"
      }
    },
    "node_modules/retry": {
      "version": "0.13.1",
      "resolved": "https://registry.npmjs.org/retry/-/retry-0.13.1.tgz",
      "integrity": "sha512-XQBQ3I8W1Cge0Seh+6gjj03LbmRFWuoszgK9ooCpwYIrhhoO80pfq4cUkU5DkknwfOfFteRwlZ56PYOGYyFWdg==",
      "license": "MIT",
      "peer": true,
      "engines": {
        "node": ">= 4"
      }
    },
    "node_modules/uuid": {
      "version": "13.0.0",
      "resolved": "https://registry.npmjs.org/uuid/-/uuid-13.0.0.tgz",
      "integrity": "sha512-XQegIaBTVUjSHliKqcnFqYypAd4S+WCYt5NIeRs6w/UAry7z8Y9j5ZwRRL4kzq9U3sD6v+85er9FvkEaBpji2w==",
      "funding": [
        "https://github.com/sponsors/broofa",
        "https://github.com/sponsors/ctavan"
      ],
      "license": "MIT",
      "peer": true,
      "bin": {
        "uuid": "dist-node/bin/uuid"
      }
    }
  }
}
